// !$*UTF8*$!
{
    archiveVersion = 1;
    classes = {};
    objectVersion = 46;
    rootObject = __RootObject_;
    objects = {
        __RootObject_ = {
            isa = PBXProject;
            attributes = {LastUpgradeCheck = 9999;};
            buildConfigurationList = ___RootConfs_;
            compatibilityVersion = 'Xcode 3.2';
            developmentRegion = English;
            hasScannedForEncodings = 0;
            knownRegions = (en);
            mainGroup = ___RootGroup_;
            productRefGroup = ____Products_;
            projectDirPath = '';
            projectRoot = '';
            targets = (______Target_ReverseJson, ______Target_ReverseJsonCore, ______Target_ReverseJsonFoundation, ______Target_ReverseJsonObjc, ______Target_ReverseJsonSwift, ______Target_ReverseJsonCoreTests, ______Target_ReverseJsonFoundationTests, ______Target_ReverseJsonObjcTests, ______Target_ReverseJsonSwiftTests);
        };
        '__PBXFileRef_Package.swift' = {
            isa = PBXFileReference;
            lastKnownFileType = sourcecode.swift;
            path = 'Package.swift';
            sourceTree = '<group>';
        };
        '__PBXFileRef_Example' = {
            isa = PBXFileReference;
            lastKnownFileType = folder;
            name = 'Example';
            path = 'Example';
            sourceTree = '<group>';
        };
        '__PBXFileRef_ReverseJsonLib' = {
            isa = PBXFileReference;
            lastKnownFileType = folder;
            name = 'ReverseJsonLib';
            path = 'ReverseJsonLib';
            sourceTree = '<group>';
        };
        '__PBXFileRef_ReverseJsonLibTests' = {
            isa = PBXFileReference;
            lastKnownFileType = folder;
            name = 'ReverseJsonLibTests';
            path = 'ReverseJsonLibTests';
            sourceTree = '<group>';
        };
        ___RootGroup_ = {
            isa = PBXGroup;
            children = ('__PBXFileRef_Package.swift', _____Configs_, _____Sources_, '__PBXFileRef_Example','__PBXFileRef_ReverseJsonLib','__PBXFileRef_ReverseJsonLibTests', Dependencies_, _______Tests_, ____Products_);
            sourceTree = '<group>';
        };
        _______Group_ReverseJson = {
            isa = PBXGroup;
            name = 'ReverseJson';
            path = 'Sources/ReverseJson';
            sourceTree = '<group>';
            children = ('__PBXFileRef_Sources/ReverseJson/main.swift');
        };
        '__PBXFileRef_Sources/ReverseJson/main.swift' = {
            isa = PBXFileReference;
            lastKnownFileType = sourcecode.swift;
            path = 'main.swift';
            sourceTree = '<group>';
        };
        ______Target_ReverseJson = {
            isa = PBXNativeTarget;
            buildConfigurationList = _______Confs_ReverseJson;
            buildPhases = (CompilePhase_ReverseJson, ___LinkPhase_ReverseJson);
            buildRules = ();
            dependencies = (__Dependency_ReverseJsonCore, __Dependency_ReverseJsonObjc, __Dependency_ReverseJsonSwift, __Dependency_ReverseJsonFoundation);
            name = 'ReverseJson';
            productName = ReverseJson;
            productReference = _____Product_ReverseJson;
            productType = 'com.apple.product-type.tool';
        };
        _____Product_ReverseJson = {
            isa = PBXFileReference;
            explicitFileType = 'compiled.mach-o.executable';
            path = 'ReverseJson';
            sourceTree = BUILT_PRODUCTS_DIR;
        };
        CompilePhase_ReverseJson = {
            isa = PBXSourcesBuildPhase;
            files = ('__src_cc_ref_Sources/ReverseJson/main.swift');
            runOnlyForDeploymentPostprocessing = 0;
        };
        '__src_cc_ref_Sources/ReverseJson/main.swift' = {
            isa = PBXBuildFile;
            fileRef = '__PBXFileRef_Sources/ReverseJson/main.swift';
        };
        ___LinkPhase_ReverseJson = {
            isa = PBXFrameworksBuildPhase;
            files = (_LinkFileRef_ReverseJsonCore_via_ReverseJson, _LinkFileRef_ReverseJsonObjc_via_ReverseJson, _LinkFileRef_ReverseJsonSwift_via_ReverseJson, _LinkFileRef_ReverseJsonFoundation_via_ReverseJson);
            runOnlyForDeploymentPostprocessing = 0;
        };
        _LinkFileRef_ReverseJsonCore_via_ReverseJson = {
            isa = PBXBuildFile;
            fileRef = _____Product_ReverseJsonCore;
        };
        _LinkFileRef_ReverseJsonObjc_via_ReverseJson = {
            isa = PBXBuildFile;
            fileRef = _____Product_ReverseJsonObjc;
        };
        _LinkFileRef_ReverseJsonSwift_via_ReverseJson = {
            isa = PBXBuildFile;
            fileRef = _____Product_ReverseJsonSwift;
        };
        _LinkFileRef_ReverseJsonFoundation_via_ReverseJson = {
            isa = PBXBuildFile;
            fileRef = _____Product_ReverseJsonFoundation;
        };
        _______Confs_ReverseJson = {
            isa = XCConfigurationList;
            buildConfigurations = (___DebugConf_ReverseJson, _ReleaseConf_ReverseJson);
            defaultConfigurationIsVisible = 0;
            defaultConfigurationName = Debug;
        };
        ___DebugConf_ReverseJson = {
            isa = XCBuildConfiguration;
            buildSettings = { LD_RUNPATH_SEARCH_PATHS = '$(TOOLCHAIN_DIR)/usr/lib/swift/macosx @executable_path'; FRAMEWORK_SEARCH_PATHS = '$(PLATFORM_DIR)/Developer/Library/Frameworks'; OTHER_SWIFT_FLAGS = '$(inherited)'; SWIFT_FORCE_STATIC_LINK_STDLIB = 'NO'; SWIFT_FORCE_DYNAMIC_LINK_STDLIB = 'YES'; SWIFT_OPTIMIZATION_LEVEL = '-Onone'; OTHER_LDFLAGS = '$(inherited)'; SWIFT_VERSION = '3.0'; };
            name = Debug;
        };
        _ReleaseConf_ReverseJson = {
            isa = XCBuildConfiguration;
            buildSettings = { LD_RUNPATH_SEARCH_PATHS = '$(TOOLCHAIN_DIR)/usr/lib/swift/macosx @executable_path'; FRAMEWORK_SEARCH_PATHS = '$(PLATFORM_DIR)/Developer/Library/Frameworks'; OTHER_SWIFT_FLAGS = '$(inherited)'; SWIFT_FORCE_STATIC_LINK_STDLIB = 'NO'; SWIFT_FORCE_DYNAMIC_LINK_STDLIB = 'YES'; OTHER_LDFLAGS = '$(inherited)'; SWIFT_VERSION = '3.0'; };
            name = Release;
        };
        __Dependency_ReverseJson = {
            isa = PBXTargetDependency;
            target = ______Target_ReverseJson;
        };
        _______Group_ReverseJsonCore = {
            isa = PBXGroup;
            name = 'ReverseJsonCore';
            path = 'Sources/ReverseJsonCore';
            sourceTree = '<group>';
            children = ('__PBXFileRef_Sources/ReverseJsonCore/JSON.swift', '__PBXFileRef_Sources/ReverseJsonCore/ModelGenerator.swift', '__PBXFileRef_Sources/ReverseJsonCore/ModelTranslator.swift', '__PBXFileRef_Sources/ReverseJsonCore/Utils.swift');
        };
        '__PBXFileRef_Sources/ReverseJsonCore/JSON.swift' = {
            isa = PBXFileReference;
            lastKnownFileType = sourcecode.swift;
            path = 'JSON.swift';
            sourceTree = '<group>';
        };
        '__PBXFileRef_Sources/ReverseJsonCore/ModelGenerator.swift' = {
            isa = PBXFileReference;
            lastKnownFileType = sourcecode.swift;
            path = 'ModelGenerator.swift';
            sourceTree = '<group>';
        };
        '__PBXFileRef_Sources/ReverseJsonCore/ModelTranslator.swift' = {
            isa = PBXFileReference;
            lastKnownFileType = sourcecode.swift;
            path = 'ModelTranslator.swift';
            sourceTree = '<group>';
        };
        '__PBXFileRef_Sources/ReverseJsonCore/Utils.swift' = {
            isa = PBXFileReference;
            lastKnownFileType = sourcecode.swift;
            path = 'Utils.swift';
            sourceTree = '<group>';
        };
        ______Target_ReverseJsonCore = {
            isa = PBXNativeTarget;
            buildConfigurationList = _______Confs_ReverseJsonCore;
            buildPhases = (CompilePhase_ReverseJsonCore, ___LinkPhase_ReverseJsonCore);
            buildRules = ();
            dependencies = ();
            name = 'ReverseJsonCore';
            productName = ReverseJsonCore;
            productReference = _____Product_ReverseJsonCore;
            productType = 'com.apple.product-type.framework';
        };
        _____Product_ReverseJsonCore = {
            isa = PBXFileReference;
            explicitFileType = 'wrapper.framework';
            path = 'ReverseJsonCore.framework';
            sourceTree = BUILT_PRODUCTS_DIR;
        };
        CompilePhase_ReverseJsonCore = {
            isa = PBXSourcesBuildPhase;
            files = ('__src_cc_ref_Sources/ReverseJsonCore/JSON.swift', '__src_cc_ref_Sources/ReverseJsonCore/ModelGenerator.swift', '__src_cc_ref_Sources/ReverseJsonCore/ModelTranslator.swift', '__src_cc_ref_Sources/ReverseJsonCore/Utils.swift');
            runOnlyForDeploymentPostprocessing = 0;
        };
        '__src_cc_ref_Sources/ReverseJsonCore/JSON.swift' = {
            isa = PBXBuildFile;
            fileRef = '__PBXFileRef_Sources/ReverseJsonCore/JSON.swift';
        };
        '__src_cc_ref_Sources/ReverseJsonCore/ModelGenerator.swift' = {
            isa = PBXBuildFile;
            fileRef = '__PBXFileRef_Sources/ReverseJsonCore/ModelGenerator.swift';
        };
        '__src_cc_ref_Sources/ReverseJsonCore/ModelTranslator.swift' = {
            isa = PBXBuildFile;
            fileRef = '__PBXFileRef_Sources/ReverseJsonCore/ModelTranslator.swift';
        };
        '__src_cc_ref_Sources/ReverseJsonCore/Utils.swift' = {
            isa = PBXBuildFile;
            fileRef = '__PBXFileRef_Sources/ReverseJsonCore/Utils.swift';
        };
        ___LinkPhase_ReverseJsonCore = {
            isa = PBXFrameworksBuildPhase;
            files = ();
            runOnlyForDeploymentPostprocessing = 0;
        };
        _______Confs_ReverseJsonCore = {
            isa = XCConfigurationList;
            buildConfigurations = (___DebugConf_ReverseJsonCore, _ReleaseConf_ReverseJsonCore);
            defaultConfigurationIsVisible = 0;
            defaultConfigurationName = Debug;
        };
        ___DebugConf_ReverseJsonCore = {
            isa = XCBuildConfiguration;
            buildSettings = { SWIFT_VERSION = '3.0'; LD_RUNPATH_SEARCH_PATHS = '$(TOOLCHAIN_DIR)/usr/lib/swift/macosx'; PRODUCT_MODULE_NAME = '$(TARGET_NAME:c99extidentifier)'; ENABLE_TESTABILITY = 'YES'; OTHER_SWIFT_FLAGS = '$(inherited)'; INFOPLIST_FILE = 'ReverseJson.xcodeproj/ReverseJsonCore_Info.plist'; FRAMEWORK_SEARCH_PATHS = '$(PLATFORM_DIR)/Developer/Library/Frameworks'; SWIFT_OPTIMIZATION_LEVEL = '-Onone'; PRODUCT_BUNDLE_IDENTIFIER = 'ReverseJsonCore'; PRODUCT_NAME = '$(TARGET_NAME:c99extidentifier)'; OTHER_LDFLAGS = '$(inherited)'; };
            name = Debug;
        };
        _ReleaseConf_ReverseJsonCore = {
            isa = XCBuildConfiguration;
            buildSettings = { SWIFT_VERSION = '3.0'; LD_RUNPATH_SEARCH_PATHS = '$(TOOLCHAIN_DIR)/usr/lib/swift/macosx'; PRODUCT_MODULE_NAME = '$(TARGET_NAME:c99extidentifier)'; ENABLE_TESTABILITY = 'YES'; OTHER_SWIFT_FLAGS = '$(inherited)'; INFOPLIST_FILE = 'ReverseJson.xcodeproj/ReverseJsonCore_Info.plist'; FRAMEWORK_SEARCH_PATHS = '$(PLATFORM_DIR)/Developer/Library/Frameworks'; PRODUCT_BUNDLE_IDENTIFIER = 'ReverseJsonCore'; PRODUCT_NAME = '$(TARGET_NAME:c99extidentifier)'; OTHER_LDFLAGS = '$(inherited)'; };
            name = Release;
        };
        __Dependency_ReverseJsonCore = {
            isa = PBXTargetDependency;
            target = ______Target_ReverseJsonCore;
        };
        _______Group_ReverseJsonFoundation = {
            isa = PBXGroup;
            name = 'ReverseJsonFoundation';
            path = 'Sources/ReverseJsonFoundation';
            sourceTree = '<group>';
            children = ('__PBXFileRef_Sources/ReverseJsonFoundation/FoundationTransformer.swift');
        };
        '__PBXFileRef_Sources/ReverseJsonFoundation/FoundationTransformer.swift' = {
            isa = PBXFileReference;
            lastKnownFileType = sourcecode.swift;
            path = 'FoundationTransformer.swift';
            sourceTree = '<group>';
        };
        ______Target_ReverseJsonFoundation = {
            isa = PBXNativeTarget;
            buildConfigurationList = _______Confs_ReverseJsonFoundation;
            buildPhases = (CompilePhase_ReverseJsonFoundation, ___LinkPhase_ReverseJsonFoundation);
            buildRules = ();
            dependencies = (__Dependency_ReverseJsonCore);
            name = 'ReverseJsonFoundation';
            productName = ReverseJsonFoundation;
            productReference = _____Product_ReverseJsonFoundation;
            productType = 'com.apple.product-type.framework';
        };
        _____Product_ReverseJsonFoundation = {
            isa = PBXFileReference;
            explicitFileType = 'wrapper.framework';
            path = 'ReverseJsonFoundation.framework';
            sourceTree = BUILT_PRODUCTS_DIR;
        };
        CompilePhase_ReverseJsonFoundation = {
            isa = PBXSourcesBuildPhase;
            files = ('__src_cc_ref_Sources/ReverseJsonFoundation/FoundationTransformer.swift');
            runOnlyForDeploymentPostprocessing = 0;
        };
        '__src_cc_ref_Sources/ReverseJsonFoundation/FoundationTransformer.swift' = {
            isa = PBXBuildFile;
            fileRef = '__PBXFileRef_Sources/ReverseJsonFoundation/FoundationTransformer.swift';
        };
        ___LinkPhase_ReverseJsonFoundation = {
            isa = PBXFrameworksBuildPhase;
            files = (_LinkFileRef_ReverseJsonCore_via_ReverseJsonFoundation);
            runOnlyForDeploymentPostprocessing = 0;
        };
        _LinkFileRef_ReverseJsonCore_via_ReverseJsonFoundation = {
            isa = PBXBuildFile;
            fileRef = _____Product_ReverseJsonCore;
        };
        _______Confs_ReverseJsonFoundation = {
            isa = XCConfigurationList;
            buildConfigurations = (___DebugConf_ReverseJsonFoundation, _ReleaseConf_ReverseJsonFoundation);
            defaultConfigurationIsVisible = 0;
            defaultConfigurationName = Debug;
        };
        ___DebugConf_ReverseJsonFoundation = {
            isa = XCBuildConfiguration;
            buildSettings = { SWIFT_VERSION = '3.0'; LD_RUNPATH_SEARCH_PATHS = '$(TOOLCHAIN_DIR)/usr/lib/swift/macosx'; PRODUCT_MODULE_NAME = '$(TARGET_NAME:c99extidentifier)'; ENABLE_TESTABILITY = 'YES'; OTHER_SWIFT_FLAGS = '$(inherited)'; INFOPLIST_FILE = 'ReverseJson.xcodeproj/ReverseJsonFoundation_Info.plist'; FRAMEWORK_SEARCH_PATHS = '$(PLATFORM_DIR)/Developer/Library/Frameworks'; SWIFT_OPTIMIZATION_LEVEL = '-Onone'; PRODUCT_BUNDLE_IDENTIFIER = 'ReverseJsonFoundation'; PRODUCT_NAME = '$(TARGET_NAME:c99extidentifier)'; OTHER_LDFLAGS = '$(inherited)'; };
            name = Debug;
        };
        _ReleaseConf_ReverseJsonFoundation = {
            isa = XCBuildConfiguration;
            buildSettings = { SWIFT_VERSION = '3.0'; LD_RUNPATH_SEARCH_PATHS = '$(TOOLCHAIN_DIR)/usr/lib/swift/macosx'; PRODUCT_MODULE_NAME = '$(TARGET_NAME:c99extidentifier)'; ENABLE_TESTABILITY = 'YES'; OTHER_SWIFT_FLAGS = '$(inherited)'; INFOPLIST_FILE = 'ReverseJson.xcodeproj/ReverseJsonFoundation_Info.plist'; FRAMEWORK_SEARCH_PATHS = '$(PLATFORM_DIR)/Developer/Library/Frameworks'; PRODUCT_BUNDLE_IDENTIFIER = 'ReverseJsonFoundation'; PRODUCT_NAME = '$(TARGET_NAME:c99extidentifier)'; OTHER_LDFLAGS = '$(inherited)'; };
            name = Release;
        };
        __Dependency_ReverseJsonFoundation = {
            isa = PBXTargetDependency;
            target = ______Target_ReverseJsonFoundation;
        };
        _______Group_ReverseJsonObjc = {
            isa = PBXGroup;
            name = 'ReverseJsonObjc';
            path = 'Sources/ReverseJsonObjc';
            sourceTree = '<group>';
            children = ('__PBXFileRef_Sources/ReverseJsonObjc/ObjcModelTranslator.swift');
        };
        '__PBXFileRef_Sources/ReverseJsonObjc/ObjcModelTranslator.swift' = {
            isa = PBXFileReference;
            lastKnownFileType = sourcecode.swift;
            path = 'ObjcModelTranslator.swift';
            sourceTree = '<group>';
        };
        ______Target_ReverseJsonObjc = {
            isa = PBXNativeTarget;
            buildConfigurationList = _______Confs_ReverseJsonObjc;
            buildPhases = (CompilePhase_ReverseJsonObjc, ___LinkPhase_ReverseJsonObjc);
            buildRules = ();
            dependencies = (__Dependency_ReverseJsonCore);
            name = 'ReverseJsonObjc';
            productName = ReverseJsonObjc;
            productReference = _____Product_ReverseJsonObjc;
            productType = 'com.apple.product-type.framework';
        };
        _____Product_ReverseJsonObjc = {
            isa = PBXFileReference;
            explicitFileType = 'wrapper.framework';
            path = 'ReverseJsonObjc.framework';
            sourceTree = BUILT_PRODUCTS_DIR;
        };
        CompilePhase_ReverseJsonObjc = {
            isa = PBXSourcesBuildPhase;
            files = ('__src_cc_ref_Sources/ReverseJsonObjc/ObjcModelTranslator.swift');
            runOnlyForDeploymentPostprocessing = 0;
        };
        '__src_cc_ref_Sources/ReverseJsonObjc/ObjcModelTranslator.swift' = {
            isa = PBXBuildFile;
            fileRef = '__PBXFileRef_Sources/ReverseJsonObjc/ObjcModelTranslator.swift';
        };
        ___LinkPhase_ReverseJsonObjc = {
            isa = PBXFrameworksBuildPhase;
            files = (_LinkFileRef_ReverseJsonCore_via_ReverseJsonObjc);
            runOnlyForDeploymentPostprocessing = 0;
        };
        _LinkFileRef_ReverseJsonCore_via_ReverseJsonObjc = {
            isa = PBXBuildFile;
            fileRef = _____Product_ReverseJsonCore;
        };
        _______Confs_ReverseJsonObjc = {
            isa = XCConfigurationList;
            buildConfigurations = (___DebugConf_ReverseJsonObjc, _ReleaseConf_ReverseJsonObjc);
            defaultConfigurationIsVisible = 0;
            defaultConfigurationName = Debug;
        };
        ___DebugConf_ReverseJsonObjc = {
            isa = XCBuildConfiguration;
            buildSettings = { SWIFT_VERSION = '3.0'; LD_RUNPATH_SEARCH_PATHS = '$(TOOLCHAIN_DIR)/usr/lib/swift/macosx'; PRODUCT_MODULE_NAME = '$(TARGET_NAME:c99extidentifier)'; ENABLE_TESTABILITY = 'YES'; OTHER_SWIFT_FLAGS = '$(inherited)'; INFOPLIST_FILE = 'ReverseJson.xcodeproj/ReverseJsonObjc_Info.plist'; FRAMEWORK_SEARCH_PATHS = '$(PLATFORM_DIR)/Developer/Library/Frameworks'; SWIFT_OPTIMIZATION_LEVEL = '-Onone'; PRODUCT_BUNDLE_IDENTIFIER = 'ReverseJsonObjc'; PRODUCT_NAME = '$(TARGET_NAME:c99extidentifier)'; OTHER_LDFLAGS = '$(inherited)'; };
            name = Debug;
        };
        _ReleaseConf_ReverseJsonObjc = {
            isa = XCBuildConfiguration;
            buildSettings = { SWIFT_VERSION = '3.0'; LD_RUNPATH_SEARCH_PATHS = '$(TOOLCHAIN_DIR)/usr/lib/swift/macosx'; PRODUCT_MODULE_NAME = '$(TARGET_NAME:c99extidentifier)'; ENABLE_TESTABILITY = 'YES'; OTHER_SWIFT_FLAGS = '$(inherited)'; INFOPLIST_FILE = 'ReverseJson.xcodeproj/ReverseJsonObjc_Info.plist'; FRAMEWORK_SEARCH_PATHS = '$(PLATFORM_DIR)/Developer/Library/Frameworks'; PRODUCT_BUNDLE_IDENTIFIER = 'ReverseJsonObjc'; PRODUCT_NAME = '$(TARGET_NAME:c99extidentifier)'; OTHER_LDFLAGS = '$(inherited)'; };
            name = Release;
        };
        __Dependency_ReverseJsonObjc = {
            isa = PBXTargetDependency;
            target = ______Target_ReverseJsonObjc;
        };
        _______Group_ReverseJsonSwift = {
            isa = PBXGroup;
            name = 'ReverseJsonSwift';
            path = 'Sources/ReverseJsonSwift';
            sourceTree = '<group>';
            children = ('__PBXFileRef_Sources/ReverseJsonSwift/SwiftModelTranslator.swift');
        };
        '__PBXFileRef_Sources/ReverseJsonSwift/SwiftModelTranslator.swift' = {
            isa = PBXFileReference;
            lastKnownFileType = sourcecode.swift;
            path = 'SwiftModelTranslator.swift';
            sourceTree = '<group>';
        };
        ______Target_ReverseJsonSwift = {
            isa = PBXNativeTarget;
            buildConfigurationList = _______Confs_ReverseJsonSwift;
            buildPhases = (CompilePhase_ReverseJsonSwift, ___LinkPhase_ReverseJsonSwift);
            buildRules = ();
            dependencies = (__Dependency_ReverseJsonCore);
            name = 'ReverseJsonSwift';
            productName = ReverseJsonSwift;
            productReference = _____Product_ReverseJsonSwift;
            productType = 'com.apple.product-type.framework';
        };
        _____Product_ReverseJsonSwift = {
            isa = PBXFileReference;
            explicitFileType = 'wrapper.framework';
            path = 'ReverseJsonSwift.framework';
            sourceTree = BUILT_PRODUCTS_DIR;
        };
        CompilePhase_ReverseJsonSwift = {
            isa = PBXSourcesBuildPhase;
            files = ('__src_cc_ref_Sources/ReverseJsonSwift/SwiftModelTranslator.swift');
            runOnlyForDeploymentPostprocessing = 0;
        };
        '__src_cc_ref_Sources/ReverseJsonSwift/SwiftModelTranslator.swift' = {
            isa = PBXBuildFile;
            fileRef = '__PBXFileRef_Sources/ReverseJsonSwift/SwiftModelTranslator.swift';
        };
        ___LinkPhase_ReverseJsonSwift = {
            isa = PBXFrameworksBuildPhase;
            files = (_LinkFileRef_ReverseJsonCore_via_ReverseJsonSwift);
            runOnlyForDeploymentPostprocessing = 0;
        };
        _LinkFileRef_ReverseJsonCore_via_ReverseJsonSwift = {
            isa = PBXBuildFile;
            fileRef = _____Product_ReverseJsonCore;
        };
        _______Confs_ReverseJsonSwift = {
            isa = XCConfigurationList;
            buildConfigurations = (___DebugConf_ReverseJsonSwift, _ReleaseConf_ReverseJsonSwift);
            defaultConfigurationIsVisible = 0;
            defaultConfigurationName = Debug;
        };
        ___DebugConf_ReverseJsonSwift = {
            isa = XCBuildConfiguration;
            buildSettings = { SWIFT_VERSION = '3.0'; LD_RUNPATH_SEARCH_PATHS = '$(TOOLCHAIN_DIR)/usr/lib/swift/macosx'; PRODUCT_MODULE_NAME = '$(TARGET_NAME:c99extidentifier)'; ENABLE_TESTABILITY = 'YES'; OTHER_SWIFT_FLAGS = '$(inherited)'; INFOPLIST_FILE = 'ReverseJson.xcodeproj/ReverseJsonSwift_Info.plist'; FRAMEWORK_SEARCH_PATHS = '$(PLATFORM_DIR)/Developer/Library/Frameworks'; SWIFT_OPTIMIZATION_LEVEL = '-Onone'; PRODUCT_BUNDLE_IDENTIFIER = 'ReverseJsonSwift'; PRODUCT_NAME = '$(TARGET_NAME:c99extidentifier)'; OTHER_LDFLAGS = '$(inherited)'; };
            name = Debug;
        };
        _ReleaseConf_ReverseJsonSwift = {
            isa = XCBuildConfiguration;
            buildSettings = { SWIFT_VERSION = '3.0'; LD_RUNPATH_SEARCH_PATHS = '$(TOOLCHAIN_DIR)/usr/lib/swift/macosx'; PRODUCT_MODULE_NAME = '$(TARGET_NAME:c99extidentifier)'; ENABLE_TESTABILITY = 'YES'; OTHER_SWIFT_FLAGS = '$(inherited)'; INFOPLIST_FILE = 'ReverseJson.xcodeproj/ReverseJsonSwift_Info.plist'; FRAMEWORK_SEARCH_PATHS = '$(PLATFORM_DIR)/Developer/Library/Frameworks'; PRODUCT_BUNDLE_IDENTIFIER = 'ReverseJsonSwift'; PRODUCT_NAME = '$(TARGET_NAME:c99extidentifier)'; OTHER_LDFLAGS = '$(inherited)'; };
            name = Release;
        };
        __Dependency_ReverseJsonSwift = {
            isa = PBXTargetDependency;
            target = ______Target_ReverseJsonSwift;
        };
        _______Group_ReverseJsonCoreTests = {
            isa = PBXGroup;
            name = 'ReverseJsonCoreTests';
            path = 'Tests/ReverseJsonCoreTests';
            sourceTree = '<group>';
            children = ('__PBXFileRef_Tests/ReverseJsonCoreTests/ModelGeneratorTest.swift');
        };
        '__PBXFileRef_Tests/ReverseJsonCoreTests/ModelGeneratorTest.swift' = {
            isa = PBXFileReference;
            lastKnownFileType = sourcecode.swift;
            path = 'ModelGeneratorTest.swift';
            sourceTree = '<group>';
        };
        ______Target_ReverseJsonCoreTests = {
            isa = PBXNativeTarget;
            buildConfigurationList = _______Confs_ReverseJsonCoreTests;
            buildPhases = (CompilePhase_ReverseJsonCoreTests, ___LinkPhase_ReverseJsonCoreTests);
            buildRules = ();
            dependencies = (__Dependency_ReverseJsonCore);
            name = 'ReverseJsonCoreTests';
            productName = ReverseJsonCoreTests;
            productReference = _____Product_ReverseJsonCoreTests;
            productType = 'com.apple.product-type.bundle.unit-test';
        };
        _____Product_ReverseJsonCoreTests = {
            isa = PBXFileReference;
            explicitFileType = 'compiled.mach-o.wrapper.cfbundle';
            path = 'ReverseJsonCoreTests.xctest';
            sourceTree = BUILT_PRODUCTS_DIR;
        };
        CompilePhase_ReverseJsonCoreTests = {
            isa = PBXSourcesBuildPhase;
            files = ('__src_cc_ref_Tests/ReverseJsonCoreTests/ModelGeneratorTest.swift');
            runOnlyForDeploymentPostprocessing = 0;
        };
        '__src_cc_ref_Tests/ReverseJsonCoreTests/ModelGeneratorTest.swift' = {
            isa = PBXBuildFile;
            fileRef = '__PBXFileRef_Tests/ReverseJsonCoreTests/ModelGeneratorTest.swift';
        };
        ___LinkPhase_ReverseJsonCoreTests = {
            isa = PBXFrameworksBuildPhase;
            files = (_LinkFileRef_ReverseJsonCore_via_ReverseJsonCoreTests);
            runOnlyForDeploymentPostprocessing = 0;
        };
        _LinkFileRef_ReverseJsonCore_via_ReverseJsonCoreTests = {
            isa = PBXBuildFile;
            fileRef = _____Product_ReverseJsonCore;
        };
        _______Confs_ReverseJsonCoreTests = {
            isa = XCConfigurationList;
            buildConfigurations = (___DebugConf_ReverseJsonCoreTests, _ReleaseConf_ReverseJsonCoreTests);
            defaultConfigurationIsVisible = 0;
            defaultConfigurationName = Debug;
        };
        ___DebugConf_ReverseJsonCoreTests = {
            isa = XCBuildConfiguration;
            buildSettings = { LD_RUNPATH_SEARCH_PATHS = '@loader_path/../Frameworks'; FRAMEWORK_SEARCH_PATHS = '$(PLATFORM_DIR)/Developer/Library/Frameworks'; OTHER_SWIFT_FLAGS = '$(inherited)'; INFOPLIST_FILE = 'ReverseJson.xcodeproj/ReverseJsonCoreTests_Info.plist'; SWIFT_OPTIMIZATION_LEVEL = '-Onone'; EMBEDDED_CONTENT_CONTAINS_SWIFT = 'YES'; OTHER_LDFLAGS = '$(inherited)'; SWIFT_VERSION = '3.0'; };
            name = Debug;
        };
        _ReleaseConf_ReverseJsonCoreTests = {
            isa = XCBuildConfiguration;
            buildSettings = { LD_RUNPATH_SEARCH_PATHS = '@loader_path/../Frameworks'; FRAMEWORK_SEARCH_PATHS = '$(PLATFORM_DIR)/Developer/Library/Frameworks'; OTHER_SWIFT_FLAGS = '$(inherited)'; INFOPLIST_FILE = 'ReverseJson.xcodeproj/ReverseJsonCoreTests_Info.plist'; EMBEDDED_CONTENT_CONTAINS_SWIFT = 'YES'; OTHER_LDFLAGS = '$(inherited)'; SWIFT_VERSION = '3.0'; };
            name = Release;
        };
        __Dependency_ReverseJsonCoreTests = {
            isa = PBXTargetDependency;
            target = ______Target_ReverseJsonCoreTests;
        };
        _______Group_ReverseJsonFoundationTests = {
            isa = PBXGroup;
            name = 'ReverseJsonFoundationTests';
            path = 'Tests/ReverseJsonFoundationTests';
            sourceTree = '<group>';
            children = ('__PBXFileRef_Tests/ReverseJsonFoundationTests/FoundationTransformerTest.swift');
        };
        '__PBXFileRef_Tests/ReverseJsonFoundationTests/FoundationTransformerTest.swift' = {
            isa = PBXFileReference;
            lastKnownFileType = sourcecode.swift;
            path = 'FoundationTransformerTest.swift';
            sourceTree = '<group>';
        };
        ______Target_ReverseJsonFoundationTests = {
            isa = PBXNativeTarget;
            buildConfigurationList = _______Confs_ReverseJsonFoundationTests;
            buildPhases = (CompilePhase_ReverseJsonFoundationTests, ___LinkPhase_ReverseJsonFoundationTests);
            buildRules = ();
            dependencies = (__Dependency_ReverseJsonFoundation);
            name = 'ReverseJsonFoundationTests';
            productName = ReverseJsonFoundationTests;
            productReference = _____Product_ReverseJsonFoundationTests;
            productType = 'com.apple.product-type.bundle.unit-test';
        };
        _____Product_ReverseJsonFoundationTests = {
            isa = PBXFileReference;
            explicitFileType = 'compiled.mach-o.wrapper.cfbundle';
            path = 'ReverseJsonFoundationTests.xctest';
            sourceTree = BUILT_PRODUCTS_DIR;
        };
        CompilePhase_ReverseJsonFoundationTests = {
            isa = PBXSourcesBuildPhase;
            files = ('__src_cc_ref_Tests/ReverseJsonFoundationTests/FoundationTransformerTest.swift');
            runOnlyForDeploymentPostprocessing = 0;
        };
        '__src_cc_ref_Tests/ReverseJsonFoundationTests/FoundationTransformerTest.swift' = {
            isa = PBXBuildFile;
            fileRef = '__PBXFileRef_Tests/ReverseJsonFoundationTests/FoundationTransformerTest.swift';
        };
        ___LinkPhase_ReverseJsonFoundationTests = {
            isa = PBXFrameworksBuildPhase;
            files = (_LinkFileRef_ReverseJsonCore_via_ReverseJsonFoundationTests, _LinkFileRef_ReverseJsonFoundation_via_ReverseJsonFoundationTests);
            runOnlyForDeploymentPostprocessing = 0;
        };
        _LinkFileRef_ReverseJsonCore_via_ReverseJsonFoundationTests = {
            isa = PBXBuildFile;
            fileRef = _____Product_ReverseJsonCore;
        };
        _LinkFileRef_ReverseJsonFoundation_via_ReverseJsonFoundationTests = {
            isa = PBXBuildFile;
            fileRef = _____Product_ReverseJsonFoundation;
        };
        _______Confs_ReverseJsonFoundationTests = {
            isa = XCConfigurationList;
            buildConfigurations = (___DebugConf_ReverseJsonFoundationTests, _ReleaseConf_ReverseJsonFoundationTests);
            defaultConfigurationIsVisible = 0;
            defaultConfigurationName = Debug;
        };
        ___DebugConf_ReverseJsonFoundationTests = {
            isa = XCBuildConfiguration;
            buildSettings = { LD_RUNPATH_SEARCH_PATHS = '@loader_path/../Frameworks'; FRAMEWORK_SEARCH_PATHS = '$(PLATFORM_DIR)/Developer/Library/Frameworks'; OTHER_SWIFT_FLAGS = '$(inherited)'; INFOPLIST_FILE = 'ReverseJson.xcodeproj/ReverseJsonFoundationTests_Info.plist'; SWIFT_OPTIMIZATION_LEVEL = '-Onone'; EMBEDDED_CONTENT_CONTAINS_SWIFT = 'YES'; OTHER_LDFLAGS = '$(inherited)'; SWIFT_VERSION = '3.0'; };
            name = Debug;
        };
        _ReleaseConf_ReverseJsonFoundationTests = {
            isa = XCBuildConfiguration;
            buildSettings = { LD_RUNPATH_SEARCH_PATHS = '@loader_path/../Frameworks'; FRAMEWORK_SEARCH_PATHS = '$(PLATFORM_DIR)/Developer/Library/Frameworks'; OTHER_SWIFT_FLAGS = '$(inherited)'; INFOPLIST_FILE = 'ReverseJson.xcodeproj/ReverseJsonFoundationTests_Info.plist'; EMBEDDED_CONTENT_CONTAINS_SWIFT = 'YES'; OTHER_LDFLAGS = '$(inherited)'; SWIFT_VERSION = '3.0'; };
            name = Release;
        };
        __Dependency_ReverseJsonFoundationTests = {
            isa = PBXTargetDependency;
            target = ______Target_ReverseJsonFoundationTests;
        };
        _______Group_ReverseJsonObjcTests = {
            isa = PBXGroup;
            name = 'ReverseJsonObjcTests';
            path = 'Tests/ReverseJsonObjcTests';
            sourceTree = '<group>';
            children = ('__PBXFileRef_Tests/ReverseJsonObjcTests/ObjcModelTranslatorTest.swift');
        };
        '__PBXFileRef_Tests/ReverseJsonObjcTests/ObjcModelTranslatorTest.swift' = {
            isa = PBXFileReference;
            lastKnownFileType = sourcecode.swift;
            path = 'ObjcModelTranslatorTest.swift';
            sourceTree = '<group>';
        };
        ______Target_ReverseJsonObjcTests = {
            isa = PBXNativeTarget;
            buildConfigurationList = _______Confs_ReverseJsonObjcTests;
            buildPhases = (CompilePhase_ReverseJsonObjcTests, ___LinkPhase_ReverseJsonObjcTests);
            buildRules = ();
            dependencies = (__Dependency_ReverseJsonObjc);
            name = 'ReverseJsonObjcTests';
            productName = ReverseJsonObjcTests;
            productReference = _____Product_ReverseJsonObjcTests;
            productType = 'com.apple.product-type.bundle.unit-test';
        };
        _____Product_ReverseJsonObjcTests = {
            isa = PBXFileReference;
            explicitFileType = 'compiled.mach-o.wrapper.cfbundle';
            path = 'ReverseJsonObjcTests.xctest';
            sourceTree = BUILT_PRODUCTS_DIR;
        };
        CompilePhase_ReverseJsonObjcTests = {
            isa = PBXSourcesBuildPhase;
            files = ('__src_cc_ref_Tests/ReverseJsonObjcTests/ObjcModelTranslatorTest.swift');
            runOnlyForDeploymentPostprocessing = 0;
        };
        '__src_cc_ref_Tests/ReverseJsonObjcTests/ObjcModelTranslatorTest.swift' = {
            isa = PBXBuildFile;
            fileRef = '__PBXFileRef_Tests/ReverseJsonObjcTests/ObjcModelTranslatorTest.swift';
        };
        ___LinkPhase_ReverseJsonObjcTests = {
            isa = PBXFrameworksBuildPhase;
            files = (_LinkFileRef_ReverseJsonCore_via_ReverseJsonObjcTests, _LinkFileRef_ReverseJsonObjc_via_ReverseJsonObjcTests);
            runOnlyForDeploymentPostprocessing = 0;
        };
        _LinkFileRef_ReverseJsonCore_via_ReverseJsonObjcTests = {
            isa = PBXBuildFile;
            fileRef = _____Product_ReverseJsonCore;
        };
        _LinkFileRef_ReverseJsonObjc_via_ReverseJsonObjcTests = {
            isa = PBXBuildFile;
            fileRef = _____Product_ReverseJsonObjc;
        };
        _______Confs_ReverseJsonObjcTests = {
            isa = XCConfigurationList;
            buildConfigurations = (___DebugConf_ReverseJsonObjcTests, _ReleaseConf_ReverseJsonObjcTests);
            defaultConfigurationIsVisible = 0;
            defaultConfigurationName = Debug;
        };
        ___DebugConf_ReverseJsonObjcTests = {
            isa = XCBuildConfiguration;
            buildSettings = { LD_RUNPATH_SEARCH_PATHS = '@loader_path/../Frameworks'; FRAMEWORK_SEARCH_PATHS = '$(PLATFORM_DIR)/Developer/Library/Frameworks'; OTHER_SWIFT_FLAGS = '$(inherited)'; INFOPLIST_FILE = 'ReverseJson.xcodeproj/ReverseJsonObjcTests_Info.plist'; SWIFT_OPTIMIZATION_LEVEL = '-Onone'; EMBEDDED_CONTENT_CONTAINS_SWIFT = 'YES'; OTHER_LDFLAGS = '$(inherited)'; SWIFT_VERSION = '3.0'; };
            name = Debug;
        };
        _ReleaseConf_ReverseJsonObjcTests = {
            isa = XCBuildConfiguration;
            buildSettings = { LD_RUNPATH_SEARCH_PATHS = '@loader_path/../Frameworks'; FRAMEWORK_SEARCH_PATHS = '$(PLATFORM_DIR)/Developer/Library/Frameworks'; OTHER_SWIFT_FLAGS = '$(inherited)'; INFOPLIST_FILE = 'ReverseJson.xcodeproj/ReverseJsonObjcTests_Info.plist'; EMBEDDED_CONTENT_CONTAINS_SWIFT = 'YES'; OTHER_LDFLAGS = '$(inherited)'; SWIFT_VERSION = '3.0'; };
            name = Release;
        };
        __Dependency_ReverseJsonObjcTests = {
            isa = PBXTargetDependency;
            target = ______Target_ReverseJsonObjcTests;
        };
        _______Group_ReverseJsonSwiftTests = {
            isa = PBXGroup;
            name = 'ReverseJsonSwiftTests';
            path = 'Tests/ReverseJsonSwiftTests';
            sourceTree = '<group>';
            children = ('__PBXFileRef_Tests/ReverseJsonSwiftTests/SwiftTranslatorTest.swift');
        };
        '__PBXFileRef_Tests/ReverseJsonSwiftTests/SwiftTranslatorTest.swift' = {
            isa = PBXFileReference;
            lastKnownFileType = sourcecode.swift;
            path = 'SwiftTranslatorTest.swift';
            sourceTree = '<group>';
        };
        ______Target_ReverseJsonSwiftTests = {
            isa = PBXNativeTarget;
            buildConfigurationList = _______Confs_ReverseJsonSwiftTests;
            buildPhases = (CompilePhase_ReverseJsonSwiftTests, ___LinkPhase_ReverseJsonSwiftTests);
            buildRules = ();
            dependencies = (__Dependency_ReverseJsonSwift);
            name = 'ReverseJsonSwiftTests';
            productName = ReverseJsonSwiftTests;
            productReference = _____Product_ReverseJsonSwiftTests;
            productType = 'com.apple.product-type.bundle.unit-test';
        };
        _____Product_ReverseJsonSwiftTests = {
            isa = PBXFileReference;
            explicitFileType = 'compiled.mach-o.wrapper.cfbundle';
            path = 'ReverseJsonSwiftTests.xctest';
            sourceTree = BUILT_PRODUCTS_DIR;
        };
        CompilePhase_ReverseJsonSwiftTests = {
            isa = PBXSourcesBuildPhase;
            files = ('__src_cc_ref_Tests/ReverseJsonSwiftTests/SwiftTranslatorTest.swift');
            runOnlyForDeploymentPostprocessing = 0;
        };
        '__src_cc_ref_Tests/ReverseJsonSwiftTests/SwiftTranslatorTest.swift' = {
            isa = PBXBuildFile;
            fileRef = '__PBXFileRef_Tests/ReverseJsonSwiftTests/SwiftTranslatorTest.swift';
        };
        ___LinkPhase_ReverseJsonSwiftTests = {
            isa = PBXFrameworksBuildPhase;
            files = (_LinkFileRef_ReverseJsonCore_via_ReverseJsonSwiftTests, _LinkFileRef_ReverseJsonSwift_via_ReverseJsonSwiftTests);
            runOnlyForDeploymentPostprocessing = 0;
        };
        _LinkFileRef_ReverseJsonCore_via_ReverseJsonSwiftTests = {
            isa = PBXBuildFile;
            fileRef = _____Product_ReverseJsonCore;
        };
        _LinkFileRef_ReverseJsonSwift_via_ReverseJsonSwiftTests = {
            isa = PBXBuildFile;
            fileRef = _____Product_ReverseJsonSwift;
        };
        _______Confs_ReverseJsonSwiftTests = {
            isa = XCConfigurationList;
            buildConfigurations = (___DebugConf_ReverseJsonSwiftTests, _ReleaseConf_ReverseJsonSwiftTests);
            defaultConfigurationIsVisible = 0;
            defaultConfigurationName = Debug;
        };
        ___DebugConf_ReverseJsonSwiftTests = {
            isa = XCBuildConfiguration;
            buildSettings = { LD_RUNPATH_SEARCH_PATHS = '@loader_path/../Frameworks'; FRAMEWORK_SEARCH_PATHS = '$(PLATFORM_DIR)/Developer/Library/Frameworks'; OTHER_SWIFT_FLAGS = '$(inherited)'; INFOPLIST_FILE = 'ReverseJson.xcodeproj/ReverseJsonSwiftTests_Info.plist'; SWIFT_OPTIMIZATION_LEVEL = '-Onone'; EMBEDDED_CONTENT_CONTAINS_SWIFT = 'YES'; OTHER_LDFLAGS = '$(inherited)'; SWIFT_VERSION = '3.0'; };
            name = Debug;
        };
        _ReleaseConf_ReverseJsonSwiftTests = {
            isa = XCBuildConfiguration;
            buildSettings = { LD_RUNPATH_SEARCH_PATHS = '@loader_path/../Frameworks'; FRAMEWORK_SEARCH_PATHS = '$(PLATFORM_DIR)/Developer/Library/Frameworks'; OTHER_SWIFT_FLAGS = '$(inherited)'; INFOPLIST_FILE = 'ReverseJson.xcodeproj/ReverseJsonSwiftTests_Info.plist'; EMBEDDED_CONTENT_CONTAINS_SWIFT = 'YES'; OTHER_LDFLAGS = '$(inherited)'; SWIFT_VERSION = '3.0'; };
            name = Release;
        };
        __Dependency_ReverseJsonSwiftTests = {
            isa = PBXTargetDependency;
            target = ______Target_ReverseJsonSwiftTests;
        };
        '__PBXFileRef_ReverseJson.xcodeproj/Configs/Project.xcconfig' = {
            isa = PBXFileReference;
            lastKnownFileType = text.xcconfig;
            path = 'ReverseJson.xcodeproj/Configs/Project.xcconfig';
            sourceTree = '<group>';
        };
        _____Configs_ = {
            isa = PBXGroup;
            children = ('__PBXFileRef_ReverseJson.xcodeproj/Configs/Project.xcconfig');
            name = Configs;
            sourceTree = '<group>';
        };
        _____Sources_ = {
            isa = PBXGroup;
            children = (_______Group_ReverseJson, _______Group_ReverseJsonCore, _______Group_ReverseJsonFoundation, _______Group_ReverseJsonObjc, _______Group_ReverseJsonSwift);
            name = Sources;
            sourceTree = '<group>';
        };
        _______Tests_ = {
            isa = PBXGroup;
            children = (_______Group_ReverseJsonCoreTests, _______Group_ReverseJsonFoundationTests, _______Group_ReverseJsonObjcTests, _______Group_ReverseJsonSwiftTests);
            name = Tests;
            sourceTree = '<group>';
        };
       TestProducts_ = {
            isa = PBXGroup;
            children = (_____Product_ReverseJsonCoreTests, _____Product_ReverseJsonFoundationTests, _____Product_ReverseJsonObjcTests, _____Product_ReverseJsonSwiftTests);
            name = Tests;
            sourceTree = '<group>';
        };
        ____Products_ = {
            isa = PBXGroup;
            children = (TestProducts_, _____Product_ReverseJson, _____Product_ReverseJsonCore, _____Product_ReverseJsonFoundation, _____Product_ReverseJsonObjc, _____Product_ReverseJsonSwift);
            name = Products;
            sourceTree = '<group>';
        };
        _______Debug_ = {
            isa = XCBuildConfiguration;
            baseConfigurationReference = '__PBXFileRef_ReverseJson.xcodeproj/Configs/Project.xcconfig';
            buildSettings = {};
            name = Debug;
        };
        _____Release_ = {
            isa = XCBuildConfiguration;
            baseConfigurationReference = '__PBXFileRef_ReverseJson.xcodeproj/Configs/Project.xcconfig';
            buildSettings = {};
            name = Release;
        };
        ___RootConfs_ = {
            isa = XCConfigurationList;
            buildConfigurations = (_______Debug_, _____Release_);
            defaultConfigurationIsVisible = 0;
            defaultConfigurationName = Debug;
        };
    };
}
