{
  "object": {
    "pins": [
      {
        "package": "CoreJSON",
        "repositoryURL": "https://github.com/tomquist/CoreJSON.git",
        "state": {
          "branch": null,
          "revision": "6f371c16d5d843745855bb7c47e6986ddab39645",
          "version": "1.0.0"
        }
      }
    ]
  },
  "version": 1
}
