{
  "object": {
    "pins": [
      {
        "package": "CoreJSON",
        "repositoryURL": "https://github.com/tomquist/CoreJSON.git",
        "state": {
          "branch": null,
          "revision": "109124ee37960204152f6c7dfea2c4c7b690daf5",
          "version": "2.0.0"
        }
      }
    ]
  },
  "version": 1
}
